
Microsoft Visual Studio Solution File, Format Version 12.00
# Visual Studio Version 17
VisualStudioVersion = 17.2.32630.192
MinimumVisualStudioVersion = 10.0.40219.1
Project("{9A19103F-16F7-4668-BE54-9A1E7A4F7556}") = "IMSProject.Server", "IMSProject\Server\IMSProject.Server.csproj", "{CBC8CB38-B62C-4AAF-981A-02639055F89B}"
EndProject
Project("{9A19103F-16F7-4668-BE54-9A1E7A4F7556}") = "IMSProject.Client", "IMSProject\Client\IMSProject.Client.csproj", "{2468D622-B227-4F60-844E-E6F10A11933A}"
EndProject
Project("{9A19103F-16F7-4668-BE54-9A1E7A4F7556}") = "IMSProject.Shared", "IMSProject\Shared\IMSProject.Shared.csproj", "{42122DDE-F619-43BD-ADED-6892FA265B86}"
EndProject
Global
	GlobalSection(SolutionConfigurationPlatforms) = preSolution
		Debug|Any CPU = Debug|Any CPU
		Release|Any CPU = Release|Any CPU
	EndGlobalSection
	GlobalSection(ProjectConfigurationPlatforms) = postSolution
		{CBC8CB38-B62C-4AAF-981A-02639055F89B}.Debug|Any CPU.ActiveCfg = Debug|Any CPU
		{CBC8CB38-B62C-4AAF-981A-02639055F89B}.Debug|Any CPU.Build.0 = Debug|Any CPU
		{CBC8CB38-B62C-4AAF-981A-02639055F89B}.Release|Any CPU.ActiveCfg = Release|Any CPU
		{CBC8CB38-B62C-4AAF-981A-02639055F89B}.Release|Any CPU.Build.0 = Release|Any CPU
		{2468D622-B227-4F60-844E-E6F10A11933A}.Debug|Any CPU.ActiveCfg = Debug|Any CPU
		{2468D622-B227-4F60-844E-E6F10A11933A}.Debug|Any CPU.Build.0 = Debug|Any CPU
		{2468D622-B227-4F60-844E-E6F10A11933A}.Release|Any CPU.ActiveCfg = Release|Any CPU
		{2468D622-B227-4F60-844E-E6F10A11933A}.Release|Any CPU.Build.0 = Release|Any CPU
		{42122DDE-F619-43BD-ADED-6892FA265B86}.Debug|Any CPU.ActiveCfg = Debug|Any CPU
		{42122DDE-F619-43BD-ADED-6892FA265B86}.Debug|Any CPU.Build.0 = Debug|Any CPU
		{42122DDE-F619-43BD-ADED-6892FA265B86}.Release|Any CPU.ActiveCfg = Release|Any CPU
		{42122DDE-F619-43BD-ADED-6892FA265B86}.Release|Any CPU.Build.0 = Release|Any CPU
	EndGlobalSection
	GlobalSection(SolutionProperties) = preSolution
		HideSolutionNode = FALSE
	EndGlobalSection
	GlobalSection(ExtensibilityGlobals) = postSolution
		SolutionGuid = {3FA7A6F0-E0D6-4432-9BAB-D136210560AA}
	EndGlobalSection
EndGlobal
